// !$*UTF8*$!
{
	archiveVersion = 1;
	classes = {
	};
	objectVersion = 46;
	objects = {

/* Begin PBXBuildFile section */
		2A202D261C57BE9E0081BB79 /* main.cpp in Sources */ = {isa = PBXBuildFile; fileRef = 2A202D251C57BE9E0081BB79 /* main.cpp */; };
		2A202D301C57BF5C0081BB79 /* socketutils.cpp in Sources */ = {isa = PBXBuildFile; fileRef = 2A202D2C1C57BF5C0081BB79 /* socketutils.cpp */; };
		2A202D311C57BF5C0081BB79 /* TcpSocket.cpp in Sources */ = {isa = PBXBuildFile; fileRef = 2A202D2E1C57BF5C0081BB79 /* TcpSocket.cpp */; };
		2A202D351C57C3D70081BB79 /* Network.cpp in Sources */ = {isa = PBXBuildFile; fileRef = 2A202D331C57C3D70081BB79 /* Network.cpp */; };
		2A202D381C57C4070081BB79 /* packet.cpp in Sources */ = {isa = PBXBuildFile; fileRef = 2A202D361C57C4070081BB79 /* packet.cpp */; };
/* End PBXBuildFile section */

/* Begin PBXCopyFilesBuildPhase section */
		2A202D201C57BE9E0081BB79 /* CopyFiles */ = {
			isa = PBXCopyFilesBuildPhase;
			buildActionMask = 2147483647;
			dstPath = /usr/share/man/man1/;
			dstSubfolderSpec = 0;
			files = (
			);
			runOnlyForDeploymentPostprocessing = 1;
		};
/* End PBXCopyFilesBuildPhase section */

/* Begin PBXFileReference section */
		2A202D221C57BE9E0081BB79 /* Network */ = {isa = PBXFileReference; explicitFileType = "compiled.mach-o.executable"; includeInIndex = 0; path = Network; sourceTree = BUILT_PRODUCTS_DIR; };
		2A202D251C57BE9E0081BB79 /* main.cpp */ = {isa = PBXFileReference; lastKnownFileType = sourcecode.cpp.cpp; path = main.cpp; sourceTree = "<group>"; };
		2A202D2C1C57BF5C0081BB79 /* socketutils.cpp */ = {isa = PBXFileReference; fileEncoding = 4; lastKnownFileType = sourcecode.cpp.cpp; name = socketutils.cpp; path = ../../socketutils.cpp; sourceTree = "<group>"; };
		2A202D2D1C57BF5C0081BB79 /* socketutils.h */ = {isa = PBXFileReference; fileEncoding = 4; lastKnownFileType = sourcecode.c.h; name = socketutils.h; path = ../../socketutils.h; sourceTree = "<group>"; };
		2A202D2E1C57BF5C0081BB79 /* TcpSocket.cpp */ = {isa = PBXFileReference; fileEncoding = 4; lastKnownFileType = sourcecode.cpp.cpp; name = TcpSocket.cpp; path = ../../TcpSocket.cpp; sourceTree = "<group>"; };
		2A202D2F1C57BF5C0081BB79 /* TcpSocket.h */ = {isa = PBXFileReference; fileEncoding = 4; lastKnownFileType = sourcecode.c.h; name = TcpSocket.h; path = ../../TcpSocket.h; sourceTree = "<group>"; };
		2A202D331C57C3D70081BB79 /* Network.cpp */ = {isa = PBXFileReference; fileEncoding = 4; lastKnownFileType = sourcecode.cpp.cpp; path = Network.cpp; sourceTree = "<group>"; };
		2A202D341C57C3D70081BB79 /* Network.h */ = {isa = PBXFileReference; fileEncoding = 4; lastKnownFileType = sourcecode.c.h; path = Network.h; sourceTree = "<group>"; };
		2A202D361C57C4070081BB79 /* packet.cpp */ = {isa = PBXFileReference; fileEncoding = 4; lastKnownFileType = sourcecode.cpp.cpp; path = packet.cpp; sourceTree = "<group>"; };
		2A202D371C57C4070081BB79 /* packet.h */ = {isa = PBXFileReference; fileEncoding = 4; lastKnownFileType = sourcecode.c.h; path = packet.h; sourceTree = "<group>"; };
/* End PBXFileReference section */

/* Begin PBXFrameworksBuildPhase section */
		2A202D1F1C57BE9E0081BB79 /* Frameworks */ = {
			isa = PBXFrameworksBuildPhase;
			buildActionMask = 2147483647;
			files = (
			);
			runOnlyForDeploymentPostprocessing = 0;
		};
/* End PBXFrameworksBuildPhase section */

/* Begin PBXGroup section */
		2A202D191C57BE9E0081BB79 = {
			isa = PBXGroup;
			children = (
				2A202D321C57BF650081BB79 /* toolbox */,
				2A202D241C57BE9E0081BB79 /* Network */,
				2A202D231C57BE9E0081BB79 /* Products */,
			);
			sourceTree = "<group>";
		};
		2A202D231C57BE9E0081BB79 /* Products */ = {
			isa = PBXGroup;
			children = (
				2A202D221C57BE9E0081BB79 /* Network */,
			);
			name = Products;
			sourceTree = "<group>";
		};
		2A202D241C57BE9E0081BB79 /* Network */ = {
			isa = PBXGroup;
			children = (
				2A202D331C57C3D70081BB79 /* Network.cpp */,
				2A202D341C57C3D70081BB79 /* Network.h */,
				2A202D251C57BE9E0081BB79 /* main.cpp */,
				2A202D361C57C4070081BB79 /* packet.cpp */,
				2A202D371C57C4070081BB79 /* packet.h */,
			);
			path = Network;
			sourceTree = "<group>";
		};
		2A202D321C57BF650081BB79 /* toolbox */ = {
			isa = PBXGroup;
			children = (
				2A202D2C1C57BF5C0081BB79 /* socketutils.cpp */,
				2A202D2D1C57BF5C0081BB79 /* socketutils.h */,
				2A202D2E1C57BF5C0081BB79 /* TcpSocket.cpp */,
				2A202D2F1C57BF5C0081BB79 /* TcpSocket.h */,
			);
			name = toolbox;
			sourceTree = "<group>";
		};
/* End PBXGroup section */

/* Begin PBXNativeTarget section */
		2A202D211C57BE9E0081BB79 /* Network */ = {
			isa = PBXNativeTarget;
			buildConfigurationList = 2A202D291C57BE9E0081BB79 /* Build configuration list for PBXNativeTarget "Network" */;
			buildPhases = (
				2A202D1E1C57BE9E0081BB79 /* Sources */,
				2A202D1F1C57BE9E0081BB79 /* Frameworks */,
				2A202D201C57BE9E0081BB79 /* CopyFiles */,
			);
			buildRules = (
			);
			dependencies = (
			);
			name = Network;
			productName = Network;
			productReference = 2A202D221C57BE9E0081BB79 /* Network */;
			productType = "com.apple.product-type.tool";
		};
/* End PBXNativeTarget section */

/* Begin PBXProject section */
		2A202D1A1C57BE9E0081BB79 /* Project object */ = {
			isa = PBXProject;
			attributes = {
				LastUpgradeCheck = 0720;
				ORGANIZATIONNAME = linjian;
				TargetAttributes = {
					2A202D211C57BE9E0081BB79 = {
						CreatedOnToolsVersion = 7.2;
					};
				};
			};
			buildConfigurationList = 2A202D1D1C57BE9E0081BB79 /* Build configuration list for PBXProject "Network" */;
			compatibilityVersion = "Xcode 3.2";
			developmentRegion = English;
			hasScannedForEncodings = 0;
			knownRegions = (
				en,
			);
			mainGroup = 2A202D191C57BE9E0081BB79;
			productRefGroup = 2A202D231C57BE9E0081BB79 /* Products */;
			projectDirPath = "";
			projectRoot = "";
			targets = (
				2A202D211C57BE9E0081BB79 /* Network */,
			);
		};
/* End PBXProject section */

/* Begin PBXSourcesBuildPhase section */
		2A202D1E1C57BE9E0081BB79 /* Sources */ = {
			isa = PBXSourcesBuildPhase;
			buildActionMask = 2147483647;
			files = (
				2A202D311C57BF5C0081BB79 /* TcpSocket.cpp in Sources */,
				2A202D381C57C4070081BB79 /* packet.cpp in Sources */,
				2A202D301C57BF5C0081BB79 /* socketutils.cpp in Sources */,
				2A202D351C57C3D70081BB79 /* Network.cpp in Sources */,
				2A202D261C57BE9E0081BB79 /* main.cpp in Sources */,
			);
			runOnlyForDeploymentPostprocessing = 0;
		};
/* End PBXSourcesBuildPhase section */

/* Begin XCBuildConfiguration section */
		2A202D271C57BE9E0081BB79 /* Debug */ = {
			isa = XCBuildConfiguration;
			buildSettings = {
				ALWAYS_SEARCH_USER_PATHS = NO;
				CLANG_CXX_LANGUAGE_STANDARD = "gnu++0x";
				CLANG_CXX_LIBRARY = "libc++";
				CLANG_ENABLE_MODULES = YES;
				CLANG_ENABLE_OBJC_ARC = YES;
				CLANG_WARN_BOOL_CONVERSION = YES;
				CLANG_WARN_CONSTANT_CONVERSION = YES;
				CLANG_WARN_DIRECT_OBJC_ISA_USAGE = YES_ERROR;
				CLANG_WARN_EMPTY_BODY = YES;
				CLANG_WARN_ENUM_CONVERSION = YES;
				CLANG_WARN_INT_CONVERSION = YES;
				CLANG_WARN_OBJC_ROOT_CLASS = YES_ERROR;
				CLANG_WARN_UNREACHABLE_CODE = YES;
				CLANG_WARN__DUPLICATE_METHOD_MATCH = YES;
				CODE_SIGN_IDENTITY = "-";
				COPY_PHASE_STRIP = NO;
				DEBUG_INFORMATION_FORMAT = dwarf;
				ENABLE_STRICT_OBJC_MSGSEND = YES;
				ENABLE_TESTABILITY = YES;
				GCC_C_LANGUAGE_STANDARD = gnu99;
				GCC_DYNAMIC_NO_PIC = NO;
				GCC_NO_COMMON_BLOCKS = YES;
				GCC_OPTIMIZATION_LEVEL = 0;
				GCC_PREPROCESSOR_DEFINITIONS = (
					"DEBUG=1",
					"$(inherited)",
				);
				GCC_WARN_64_TO_32_BIT_CONVERSION = YES;
				GCC_WARN_ABOUT_RETURN_TYPE = YES_ERROR;
				GCC_WARN_UNDECLARED_SELECTOR = YES;
				GCC_WARN_UNINITIALIZED_AUTOS = YES_AGGRESSIVE;
				GCC_WARN_UNUSED_FUNCTION = YES;
				GCC_WARN_UNUSED_VARIABLE = YES;
				MACOSX_DEPLOYMENT_TARGET = 10.11;
				MTL_ENABLE_DEBUG_INFO = YES;
				ONLY_ACTIVE_ARCH = YES;
				SDKROOT = macosx;
			};
			name = Debug;
		};
		2A202D281C57BE9E0081BB79 /* Release */ = {
			isa = XCBuildConfiguration;
			buildSettings = {
				ALWAYS_SEARCH_USER_PATHS = NO;
				CLANG_CXX_LANGUAGE_STANDARD = "gnu++0x";
				CLANG_CXX_LIBRARY = "libc++";
				CLANG_ENABLE_MODULES = YES;
				CLANG_ENABLE_OBJC_ARC = YES;
				CLANG_WARN_BOOL_CONVERSION = YES;
				CLANG_WARN_CONSTANT_CONVERSION = YES;
				CLANG_WARN_DIRECT_OBJC_ISA_USAGE = YES_ERROR;
				CLANG_WARN_EMPTY_BODY = YES;
				CLANG_WARN_ENUM_CONVERSION = YES;
				CLANG_WARN_INT_CONVERSION = YES;
				CLANG_WARN_OBJC_ROOT_CLASS = YES_ERROR;
				CLANG_WARN_UNREACHABLE_CODE = YES;
				CLANG_WARN__DUPLICATE_METHOD_MATCH = YES;
				CODE_SIGN_IDENTITY = "-";
				COPY_PHASE_STRIP = NO;
				DEBUG_INFORMATION_FORMAT = "dwarf-with-dsym";
				ENABLE_NS_ASSERTIONS = NO;
				ENABLE_STRICT_OBJC_MSGSEND = YES;
				GCC_C_LANGUAGE_STANDARD = gnu99;
				GCC_NO_COMMON_BLOCKS = YES;
				GCC_WARN_64_TO_32_BIT_CONVERSION = YES;
				GCC_WARN_ABOUT_RETURN_TYPE = YES_ERROR;
				GCC_WARN_UNDECLARED_SELECTOR = YES;
				GCC_WARN_UNINITIALIZED_AUTOS = YES_AGGRESSIVE;
				GCC_WARN_UNUSED_FUNCTION = YES;
				GCC_WARN_UNUSED_VARIABLE = YES;
				MACOSX_DEPLOYMENT_TARGET = 10.11;
				MTL_ENABLE_DEBUG_INFO = NO;
				SDKROOT = macosx;
			};
			name = Release;
		};
		2A202D2A1C57BE9E0081BB79 /* Debug */ = {
			isa = XCBuildConfiguration;
			buildSettings = {
				PRODUCT_NAME = "$(TARGET_NAME)";
			};
			name = Debug;
		};
		2A202D2B1C57BE9E0081BB79 /* Release */ = {
			isa = XCBuildConfiguration;
			buildSettings = {
				PRODUCT_NAME = "$(TARGET_NAME)";
			};
			name = Release;
		};
/* End XCBuildConfiguration section */

/* Begin XCConfigurationList section */
		2A202D1D1C57BE9E0081BB79 /* Build configuration list for PBXProject "Network" */ = {
			isa = XCConfigurationList;
			buildConfigurations = (
				2A202D271C57BE9E0081BB79 /* Debug */,
				2A202D281C57BE9E0081BB79 /* Release */,
			);
			defaultConfigurationIsVisible = 0;
			defaultConfigurationName = Release;
		};
		2A202D291C57BE9E0081BB79 /* Build configuration list for PBXNativeTarget "Network" */ = {
			isa = XCConfigurationList;
			buildConfigurations = (
				2A202D2A1C57BE9E0081BB79 /* Debug */,
				2A202D2B1C57BE9E0081BB79 /* Release */,
			);
			defaultConfigurationIsVisible = 0;
		};
/* End XCConfigurationList section */
	};
	rootObject = 2A202D1A1C57BE9E0081BB79 /* Project object */;
}
